# This file was autogenerated by Stack.
# You should not edit this file by hand.
# For more information, please see the documentation at:
#   https://docs.haskellstack.org/en/stable/lock_files

packages:
- completed:
    hackage: hailgun-0.5.1@sha256:a8a302776850e780b08467c986ea7e5e7fdf46a25abae735ffc8802dbd32e105,3770
    pantry-tree:
      size: 1188
      sha256: 25eb9f8dc32328cfbb89a2bbd2a4153c6eec9b46b1ed301d38f94f8374e59be5
  original:
    hackage: hailgun-0.5.1@sha256:a8a302776850e780b08467c986ea7e5e7fdf46a25abae735ffc8802dbd32e105,3770
- completed:
    hackage: pwstore-fast-2.4.4@sha256:9b6a37510d8b9f37f409a8ab3babac9181afcaaa3fce8ba1c131a7ed3de30698,1351
    pantry-tree:
      size: 270
      sha256: ff4a44ede62515efe5cd366a5803f7183c811c4a0cf56eea88da94181c4844c0
  original:
    hackage: pwstore-fast-2.4.4@sha256:9b6a37510d8b9f37f409a8ab3babac9181afcaaa3fce8ba1c131a7ed3de30698,1351
- completed:
    hackage: classy-prelude-yesod-1.5.0@sha256:8f7e183bdfd6d2ea9674284c4f285294ab086aff60d9be4e5d7d2f3c1a2b05b7,1330
    pantry-tree:
      size: 330
      sha256: ae84d4cc0e1daf985db6cdcf2ac92319531b8e60f547183cc46480d00aafbe20
  original:
    hackage: classy-prelude-yesod-1.5.0@sha256:8f7e183bdfd6d2ea9674284c4f285294ab086aff60d9be4e5d7d2f3c1a2b05b7,1330
snapshots:
- completed:
    size: 563103
    url: https://raw.githubusercontent.com/commercialhaskell/stackage-snapshots/master/lts/17/4.yaml
    sha256: f11e2153044f5f71ea7b1c9398f4721f517c9bd37642ed769647b896564021f3
  original: lts-17.4
