# This file was autogenerated by Stack.
# You should not edit this file by hand.
# For more information, please see the documentation at:
#   https://docs.haskellstack.org/en/stable/lock_files

packages:
- completed:
    hackage: hailgun-0.5.1@sha256:a8a302776850e780b08467c986ea7e5e7fdf46a25abae735ffc8802dbd32e105,3770
    pantry-tree:
      size: 1188
      sha256: 25eb9f8dc32328cfbb89a2bbd2a4153c6eec9b46b1ed301d38f94f8374e59be5
  original:
    hackage: hailgun-0.5.1
- completed:
    hackage: pwstore-fast-2.4.4@sha256:9b6a37510d8b9f37f409a8ab3babac9181afcaaa3fce8ba1c131a7ed3de30698,1351
    pantry-tree:
      size: 270
      sha256: ff4a44ede62515efe5cd366a5803f7183c811c4a0cf56eea88da94181c4844c0
  original:
    hackage: pwstore-fast-2.4.4@sha256:9b6a37510d8b9f37f409a8ab3babac9181afcaaa3fce8ba1c131a7ed3de30698,1351
snapshots:
- completed:
    size: 532381
    url: https://raw.githubusercontent.com/commercialhaskell/stackage-snapshots/master/lts/16/11.yaml
    sha256: 1f43c4ad661a114a4f9dd4580988f30da1208d844c097714f5867c52a02e0aa1
  original: lts-16.11
