# This file was autogenerated by Stack.
# You should not edit this file by hand.
# For more information, please see the documentation at:
#   https://docs.haskellstack.org/en/stable/lock_files

packages:
- completed:
    hackage: hailgun-0.4.1.8@sha256:d3917574afc6b600e6ef9ec5791edbae90053d223a131e67d4bb3aceecf98898,3559
    pantry-tree:
      size: 1072
      sha256: 2078a6f265c94d38a84b5b3c1bd47554b51c29cbe7a5158c171ba6e0aa4753c6
  original:
    hackage: hailgun-0.4.1.8
snapshots:
- completed:
    size: 527836
    url: https://raw.githubusercontent.com/commercialhaskell/stackage-snapshots/master/lts/11/22.yaml
    sha256: 341870ac98d8a9f8f77c4adf2e9e0b22063e264a7fbeb4c85b7af5f380dac60e
  original: lts-11.22
